
Microsoft Visual Studio Solution File, Format Version 12.00
# Visual Studio Version 17
VisualStudioVersion = 17.11.35312.102
MinimumVisualStudioVersion = 10.0.40219.1
Project("{FAE04EC0-301F-11D3-BF4B-00C04F79EFBC}") = "ODOS", "ODOS\ODOS.csproj", "{CEEC9F86-2DEB-4DE4-AD6D-AB6349A1476B}"
EndProject
Global
	GlobalSection(SolutionConfigurationPlatforms) = preSolution
		Debug|Any CPU = Debug|Any CPU
		Release|Any CPU = Release|Any CPU
	EndGlobalSection
	GlobalSection(ProjectConfigurationPlatforms) = postSolution
		{CEEC9F86-2DEB-4DE4-AD6D-AB6349A1476B}.Debug|Any CPU.ActiveCfg = Debug|Any CPU
		{CEEC9F86-2DEB-4DE4-AD6D-AB6349A1476B}.Debug|Any CPU.Build.0 = Debug|Any CPU
		{CEEC9F86-2DEB-4DE4-AD6D-AB6349A1476B}.Release|Any CPU.ActiveCfg = Release|Any CPU
		{CEEC9F86-2DEB-4DE4-AD6D-AB6349A1476B}.Release|Any CPU.Build.0 = Release|Any CPU
	EndGlobalSection
	GlobalSection(SolutionProperties) = preSolution
		HideSolutionNode = FALSE
	EndGlobalSection
	GlobalSection(ExtensibilityGlobals) = postSolution
		SolutionGuid = {3ACB9FFC-82EA-497B-BBE8-7A6D3DD38F1C}
	EndGlobalSection
EndGlobal
